// !$*UTF8*$!
{
	archiveVersion = 1;
	classes = {
	};
	objectVersion = 46;
	objects = {

/* Begin PBXBuildFile section */
		1AC890B819566AD1002554D5 /* Foundation.framework in Frameworks */ = {isa = PBXBuildFile; fileRef = 1AC890B719566AD1002554D5 /* Foundation.framework */; };
		1AC890BA19566AD1002554D5 /* CoreGraphics.framework in Frameworks */ = {isa = PBXBuildFile; fileRef = 1AC890B919566AD1002554D5 /* CoreGraphics.framework */; };
		1AC890BC19566AD1002554D5 /* UIKit.framework in Frameworks */ = {isa = PBXBuildFile; fileRef = 1AC890BB19566AD1002554D5 /* UIKit.framework */; };
		1AC890C219566AD1002554D5 /* InfoPlist.strings in Resources */ = {isa = PBXBuildFile; fileRef = 1AC890C019566AD1002554D5 /* InfoPlist.strings */; };
		1AC890C419566AD1002554D5 /* main.m in Sources */ = {isa = PBXBuildFile; fileRef = 1AC890C319566AD1002554D5 /* main.m */; };
		1AC890C819566AD1002554D5 /* AppDelegate.m in Sources */ = {isa = PBXBuildFile; fileRef = 1AC890C719566AD1002554D5 /* AppDelegate.m */; };
		1AC890CA19566AD1002554D5 /* Images.xcassets in Resources */ = {isa = PBXBuildFile; fileRef = 1AC890C919566AD1002554D5 /* Images.xcassets */; };
		1AC890D119566AD1002554D5 /* XCTest.framework in Frameworks */ = {isa = PBXBuildFile; fileRef = 1AC890D019566AD1002554D5 /* XCTest.framework */; };
		1AC890D219566AD1002554D5 /* Foundation.framework in Frameworks */ = {isa = PBXBuildFile; fileRef = 1AC890B719566AD1002554D5 /* Foundation.framework */; };
		1AC890D319566AD1002554D5 /* UIKit.framework in Frameworks */ = {isa = PBXBuildFile; fileRef = 1AC890BB19566AD1002554D5 /* UIKit.framework */; };
		1AC890DB19566AD1002554D5 /* InfoPlist.strings in Resources */ = {isa = PBXBuildFile; fileRef = 1AC890D919566AD1002554D5 /* InfoPlist.strings */; };
		1AC890DD19566AD1002554D5 /* tipcalculator2Tests.m in Sources */ = {isa = PBXBuildFile; fileRef = 1AC890DC19566AD1002554D5 /* tipcalculator2Tests.m */; };
		1AC890E919566BE6002554D5 /* TipViewController.m in Sources */ = {isa = PBXBuildFile; fileRef = 1AC890E719566BE6002554D5 /* TipViewController.m */; };
		1AC890EA19566BE6002554D5 /* TipViewController.xib in Resources */ = {isa = PBXBuildFile; fileRef = 1AC890E819566BE6002554D5 /* TipViewController.xib */; };
/* End PBXBuildFile section */

/* Begin PBXContainerItemProxy section */
		1AC890D419566AD1002554D5 /* PBXContainerItemProxy */ = {
			isa = PBXContainerItemProxy;
			containerPortal = 1AC890AC19566AD0002554D5 /* Project object */;
			proxyType = 1;
			remoteGlobalIDString = 1AC890B319566AD1002554D5;
			remoteInfo = tipcalculator2;
		};
/* End PBXContainerItemProxy section */

/* Begin PBXFileReference section */
		1AC890B419566AD1002554D5 /* tipcalculator2.app */ = {isa = PBXFileReference; explicitFileType = wrapper.application; includeInIndex = 0; path = tipcalculator2.app; sourceTree = BUILT_PRODUCTS_DIR; };
		1AC890B719566AD1002554D5 /* Foundation.framework */ = {isa = PBXFileReference; lastKnownFileType = wrapper.framework; name = Foundation.framework; path = System/Library/Frameworks/Foundation.framework; sourceTree = SDKROOT; };
		1AC890B919566AD1002554D5 /* CoreGraphics.framework */ = {isa = PBXFileReference; lastKnownFileType = wrapper.framework; name = CoreGraphics.framework; path = System/Library/Frameworks/CoreGraphics.framework; sourceTree = SDKROOT; };
		1AC890BB19566AD1002554D5 /* UIKit.framework */ = {isa = PBXFileReference; lastKnownFileType = wrapper.framework; name = UIKit.framework; path = System/Library/Frameworks/UIKit.framework; sourceTree = SDKROOT; };
		1AC890BF19566AD1002554D5 /* tipcalculator2-Info.plist */ = {isa = PBXFileReference; lastKnownFileType = text.plist.xml; path = "tipcalculator2-Info.plist"; sourceTree = "<group>"; };
		1AC890C119566AD1002554D5 /* en */ = {isa = PBXFileReference; lastKnownFileType = text.plist.strings; name = en; path = en.lproj/InfoPlist.strings; sourceTree = "<group>"; };
		1AC890C319566AD1002554D5 /* main.m */ = {isa = PBXFileReference; lastKnownFileType = sourcecode.c.objc; path = main.m; sourceTree = "<group>"; };
		1AC890C519566AD1002554D5 /* tipcalculator2-Prefix.pch */ = {isa = PBXFileReference; lastKnownFileType = sourcecode.c.h; path = "tipcalculator2-Prefix.pch"; sourceTree = "<group>"; };
		1AC890C619566AD1002554D5 /* AppDelegate.h */ = {isa = PBXFileReference; lastKnownFileType = sourcecode.c.h; path = AppDelegate.h; sourceTree = "<group>"; };
		1AC890C719566AD1002554D5 /* AppDelegate.m */ = {isa = PBXFileReference; lastKnownFileType = sourcecode.c.objc; path = AppDelegate.m; sourceTree = "<group>"; };
		1AC890C919566AD1002554D5 /* Images.xcassets */ = {isa = PBXFileReference; lastKnownFileType = folder.assetcatalog; path = Images.xcassets; sourceTree = "<group>"; };
		1AC890CF19566AD1002554D5 /* tipcalculator2Tests.xctest */ = {isa = PBXFileReference; explicitFileType = wrapper.cfbundle; includeInIndex = 0; path = tipcalculator2Tests.xctest; sourceTree = BUILT_PRODUCTS_DIR; };
		1AC890D019566AD1002554D5 /* XCTest.framework */ = {isa = PBXFileReference; lastKnownFileType = wrapper.framework; name = XCTest.framework; path = Library/Frameworks/XCTest.framework; sourceTree = DEVELOPER_DIR; };
		1AC890D819566AD1002554D5 /* tipcalculator2Tests-Info.plist */ = {isa = PBXFileReference; lastKnownFileType = text.plist.xml; path = "tipcalculator2Tests-Info.plist"; sourceTree = "<group>"; };
		1AC890DA19566AD1002554D5 /* en */ = {isa = PBXFileReference; lastKnownFileType = text.plist.strings; name = en; path = en.lproj/InfoPlist.strings; sourceTree = "<group>"; };
		1AC890DC19566AD1002554D5 /* tipcalculator2Tests.m */ = {isa = PBXFileReference; lastKnownFileType = sourcecode.c.objc; path = tipcalculator2Tests.m; sourceTree = "<group>"; };
		1AC890E619566BE6002554D5 /* TipViewController.h */ = {isa = PBXFileReference; fileEncoding = 4; lastKnownFileType = sourcecode.c.h; path = TipViewController.h; sourceTree = "<group>"; };
		1AC890E719566BE6002554D5 /* TipViewController.m */ = {isa = PBXFileReference; fileEncoding = 4; lastKnownFileType = sourcecode.c.objc; path = TipViewController.m; sourceTree = "<group>"; };
		1AC890E819566BE6002554D5 /* TipViewController.xib */ = {isa = PBXFileReference; fileEncoding = 4; lastKnownFileType = file.xib; path = TipViewController.xib; sourceTree = "<group>"; };
/* End PBXFileReference section */

/* Begin PBXFrameworksBuildPhase section */
		1AC890B119566AD1002554D5 /* Frameworks */ = {
			isa = PBXFrameworksBuildPhase;
			buildActionMask = 2147483647;
			files = (
				1AC890BA19566AD1002554D5 /* CoreGraphics.framework in Frameworks */,
				1AC890BC19566AD1002554D5 /* UIKit.framework in Frameworks */,
				1AC890B819566AD1002554D5 /* Foundation.framework in Frameworks */,
			);
			runOnlyForDeploymentPostprocessing = 0;
		};
		1AC890CC19566AD1002554D5 /* Frameworks */ = {
			isa = PBXFrameworksBuildPhase;
			buildActionMask = 2147483647;
			files = (
				1AC890D119566AD1002554D5 /* XCTest.framework in Frameworks */,
				1AC890D319566AD1002554D5 /* UIKit.framework in Frameworks */,
				1AC890D219566AD1002554D5 /* Foundation.framework in Frameworks */,
			);
			runOnlyForDeploymentPostprocessing = 0;
		};
/* End PBXFrameworksBuildPhase section */

/* Begin PBXGroup section */
		1AC890AB19566AD0002554D5 = {
			isa = PBXGroup;
			children = (
				1AC890BD19566AD1002554D5 /* tipcalculator2 */,
				1AC890D619566AD1002554D5 /* tipcalculator2Tests */,
				1AC890B619566AD1002554D5 /* Frameworks */,
				1AC890B519566AD1002554D5 /* Products */,
			);
			sourceTree = "<group>";
		};
		1AC890B519566AD1002554D5 /* Products */ = {
			isa = PBXGroup;
			children = (
				1AC890B419566AD1002554D5 /* tipcalculator2.app */,
				1AC890CF19566AD1002554D5 /* tipcalculator2Tests.xctest */,
			);
			name = Products;
			sourceTree = "<group>";
		};
		1AC890B619566AD1002554D5 /* Frameworks */ = {
			isa = PBXGroup;
			children = (
				1AC890B719566AD1002554D5 /* Foundation.framework */,
				1AC890B919566AD1002554D5 /* CoreGraphics.framework */,
				1AC890BB19566AD1002554D5 /* UIKit.framework */,
				1AC890D019566AD1002554D5 /* XCTest.framework */,
			);
			name = Frameworks;
			sourceTree = "<group>";
		};
		1AC890BD19566AD1002554D5 /* tipcalculator2 */ = {
			isa = PBXGroup;
			children = (
				1AC890C619566AD1002554D5 /* AppDelegate.h */,
				1AC890C719566AD1002554D5 /* AppDelegate.m */,
				1AC890C919566AD1002554D5 /* Images.xcassets */,
				1AC890BE19566AD1002554D5 /* Supporting Files */,
				1AC890E619566BE6002554D5 /* TipViewController.h */,
				1AC890E719566BE6002554D5 /* TipViewController.m */,
				1AC890E819566BE6002554D5 /* TipViewController.xib */,
			);
			path = tipcalculator2;
			sourceTree = "<group>";
		};
		1AC890BE19566AD1002554D5 /* Supporting Files */ = {
			isa = PBXGroup;
			children = (
				1AC890BF19566AD1002554D5 /* tipcalculator2-Info.plist */,
				1AC890C019566AD1002554D5 /* InfoPlist.strings */,
				1AC890C319566AD1002554D5 /* main.m */,
				1AC890C519566AD1002554D5 /* tipcalculator2-Prefix.pch */,
			);
			name = "Supporting Files";
			sourceTree = "<group>";
		};
		1AC890D619566AD1002554D5 /* tipcalculator2Tests */ = {
			isa = PBXGroup;
			children = (
				1AC890DC19566AD1002554D5 /* tipcalculator2Tests.m */,
				1AC890D719566AD1002554D5 /* Supporting Files */,
			);
			path = tipcalculator2Tests;
			sourceTree = "<group>";
		};
		1AC890D719566AD1002554D5 /* Supporting Files */ = {
			isa = PBXGroup;
			children = (
				1AC890D819566AD1002554D5 /* tipcalculator2Tests-Info.plist */,
				1AC890D919566AD1002554D5 /* InfoPlist.strings */,
			);
			name = "Supporting Files";
			sourceTree = "<group>";
		};
/* End PBXGroup section */

/* Begin PBXNativeTarget section */
		1AC890B319566AD1002554D5 /* tipcalculator2 */ = {
			isa = PBXNativeTarget;
			buildConfigurationList = 1AC890E019566AD1002554D5 /* Build configuration list for PBXNativeTarget "tipcalculator2" */;
			buildPhases = (
				1AC890B019566AD1002554D5 /* Sources */,
				1AC890B119566AD1002554D5 /* Frameworks */,
				1AC890B219566AD1002554D5 /* Resources */,
			);
			buildRules = (
			);
			dependencies = (
			);
			name = tipcalculator2;
			productName = tipcalculator2;
			productReference = 1AC890B419566AD1002554D5 /* tipcalculator2.app */;
			productType = "com.apple.product-type.application";
		};
		1AC890CE19566AD1002554D5 /* tipcalculator2Tests */ = {
			isa = PBXNativeTarget;
			buildConfigurationList = 1AC890E319566AD1002554D5 /* Build configuration list for PBXNativeTarget "tipcalculator2Tests" */;
			buildPhases = (
				1AC890CB19566AD1002554D5 /* Sources */,
				1AC890CC19566AD1002554D5 /* Frameworks */,
				1AC890CD19566AD1002554D5 /* Resources */,
			);
			buildRules = (
			);
			dependencies = (
				1AC890D519566AD1002554D5 /* PBXTargetDependency */,
			);
			name = tipcalculator2Tests;
			productName = tipcalculator2Tests;
			productReference = 1AC890CF19566AD1002554D5 /* tipcalculator2Tests.xctest */;
			productType = "com.apple.product-type.bundle.unit-test";
		};
/* End PBXNativeTarget section */

/* Begin PBXProject section */
		1AC890AC19566AD0002554D5 /* Project object */ = {
			isa = PBXProject;
			attributes = {
				LastUpgradeCheck = 0510;
				ORGANIZATIONNAME = "Michael Austin Sui";
				TargetAttributes = {
					1AC890CE19566AD1002554D5 = {
						TestTargetID = 1AC890B319566AD1002554D5;
					};
				};
			};
			buildConfigurationList = 1AC890AF19566AD0002554D5 /* Build configuration list for PBXProject "tipcalculator2" */;
			compatibilityVersion = "Xcode 3.2";
			developmentRegion = English;
			hasScannedForEncodings = 0;
			knownRegions = (
				en,
			);
			mainGroup = 1AC890AB19566AD0002554D5;
			productRefGroup = 1AC890B519566AD1002554D5 /* Products */;
			projectDirPath = "";
			projectRoot = "";
			targets = (
				1AC890B319566AD1002554D5 /* tipcalculator2 */,
				1AC890CE19566AD1002554D5 /* tipcalculator2Tests */,
			);
		};
/* End PBXProject section */

/* Begin PBXResourcesBuildPhase section */
		1AC890B219566AD1002554D5 /* Resources */ = {
			isa = PBXResourcesBuildPhase;
			buildActionMask = 2147483647;
			files = (
				1AC890EA19566BE6002554D5 /* TipViewController.xib in Resources */,
				1AC890C219566AD1002554D5 /* InfoPlist.strings in Resources */,
				1AC890CA19566AD1002554D5 /* Images.xcassets in Resources */,
			);
			runOnlyForDeploymentPostprocessing = 0;
		};
		1AC890CD19566AD1002554D5 /* Resources */ = {
			isa = PBXResourcesBuildPhase;
			buildActionMask = 2147483647;
			files = (
				1AC890DB19566AD1002554D5 /* InfoPlist.strings in Resources */,
			);
			runOnlyForDeploymentPostprocessing = 0;
		};
/* End PBXResourcesBuildPhase section */

/* Begin PBXSourcesBuildPhase section */
		1AC890B019566AD1002554D5 /* Sources */ = {
			isa = PBXSourcesBuildPhase;
			buildActionMask = 2147483647;
			files = (
				1AC890C819566AD1002554D5 /* AppDelegate.m in Sources */,
				1AC890E919566BE6002554D5 /* TipViewController.m in Sources */,
				1AC890C419566AD1002554D5 /* main.m in Sources */,
			);
			runOnlyForDeploymentPostprocessing = 0;
		};
		1AC890CB19566AD1002554D5 /* Sources */ = {
			isa = PBXSourcesBuildPhase;
			buildActionMask = 2147483647;
			files = (
				1AC890DD19566AD1002554D5 /* tipcalculator2Tests.m in Sources */,
			);
			runOnlyForDeploymentPostprocessing = 0;
		};
/* End PBXSourcesBuildPhase section */

/* Begin PBXTargetDependency section */
		1AC890D519566AD1002554D5 /* PBXTargetDependency */ = {
			isa = PBXTargetDependency;
			target = 1AC890B319566AD1002554D5 /* tipcalculator2 */;
			targetProxy = 1AC890D419566AD1002554D5 /* PBXContainerItemProxy */;
		};
/* End PBXTargetDependency section */

/* Begin PBXVariantGroup section */
		1AC890C019566AD1002554D5 /* InfoPlist.strings */ = {
			isa = PBXVariantGroup;
			children = (
				1AC890C119566AD1002554D5 /* en */,
			);
			name = InfoPlist.strings;
			sourceTree = "<group>";
		};
		1AC890D919566AD1002554D5 /* InfoPlist.strings */ = {
			isa = PBXVariantGroup;
			children = (
				1AC890DA19566AD1002554D5 /* en */,
			);
			name = InfoPlist.strings;
			sourceTree = "<group>";
		};
/* End PBXVariantGroup section */

/* Begin XCBuildConfiguration section */
		1AC890DE19566AD1002554D5 /* Debug */ = {
			isa = XCBuildConfiguration;
			buildSettings = {
				ALWAYS_SEARCH_USER_PATHS = NO;
				CLANG_CXX_LANGUAGE_STANDARD = "gnu++0x";
				CLANG_CXX_LIBRARY = "libc++";
				CLANG_ENABLE_MODULES = YES;
				CLANG_ENABLE_OBJC_ARC = YES;
				CLANG_WARN_BOOL_CONVERSION = YES;
				CLANG_WARN_CONSTANT_CONVERSION = YES;
				CLANG_WARN_DIRECT_OBJC_ISA_USAGE = YES_ERROR;
				CLANG_WARN_EMPTY_BODY = YES;
				CLANG_WARN_ENUM_CONVERSION = YES;
				CLANG_WARN_INT_CONVERSION = YES;
				CLANG_WARN_OBJC_ROOT_CLASS = YES_ERROR;
				CLANG_WARN__DUPLICATE_METHOD_MATCH = YES;
				"CODE_SIGN_IDENTITY[sdk=iphoneos*]" = "iPhone Developer";
				COPY_PHASE_STRIP = NO;
				GCC_C_LANGUAGE_STANDARD = gnu99;
				GCC_DYNAMIC_NO_PIC = NO;
				GCC_OPTIMIZATION_LEVEL = 0;
				GCC_PREPROCESSOR_DEFINITIONS = (
					"DEBUG=1",
					"$(inherited)",
				);
				GCC_SYMBOLS_PRIVATE_EXTERN = NO;
				GCC_WARN_64_TO_32_BIT_CONVERSION = YES;
				GCC_WARN_ABOUT_RETURN_TYPE = YES_ERROR;
				GCC_WARN_UNDECLARED_SELECTOR = YES;
				GCC_WARN_UNINITIALIZED_AUTOS = YES_AGGRESSIVE;
				GCC_WARN_UNUSED_FUNCTION = YES;
				GCC_WARN_UNUSED_VARIABLE = YES;
				IPHONEOS_DEPLOYMENT_TARGET = 7.1;
				ONLY_ACTIVE_ARCH = YES;
				SDKROOT = iphoneos;
				TARGETED_DEVICE_FAMILY = "1,2";
			};
			name = Debug;
		};
		1AC890DF19566AD1002554D5 /* Release */ = {
			isa = XCBuildConfiguration;
			buildSettings = {
				ALWAYS_SEARCH_USER_PATHS = NO;
				CLANG_CXX_LANGUAGE_STANDARD = "gnu++0x";
				CLANG_CXX_LIBRARY = "libc++";
				CLANG_ENABLE_MODULES = YES;
				CLANG_ENABLE_OBJC_ARC = YES;
				CLANG_WARN_BOOL_CONVERSION = YES;
				CLANG_WARN_CONSTANT_CONVERSION = YES;
				CLANG_WARN_DIRECT_OBJC_ISA_USAGE = YES_ERROR;
				CLANG_WARN_EMPTY_BODY = YES;
				CLANG_WARN_ENUM_CONVERSION = YES;
				CLANG_WARN_INT_CONVERSION = YES;
				CLANG_WARN_OBJC_ROOT_CLASS = YES_ERROR;
				CLANG_WARN__DUPLICATE_METHOD_MATCH = YES;
				"CODE_SIGN_IDENTITY[sdk=iphoneos*]" = "iPhone Developer";
				COPY_PHASE_STRIP = YES;
				ENABLE_NS_ASSERTIONS = NO;
				GCC_C_LANGUAGE_STANDARD = gnu99;
				GCC_WARN_64_TO_32_BIT_CONVERSION = YES;
				GCC_WARN_ABOUT_RETURN_TYPE = YES_ERROR;
				GCC_WARN_UNDECLARED_SELECTOR = YES;
				GCC_WARN_UNINITIALIZED_AUTOS = YES_AGGRESSIVE;
				GCC_WARN_UNUSED_FUNCTION = YES;
				GCC_WARN_UNUSED_VARIABLE = YES;
				IPHONEOS_DEPLOYMENT_TARGET = 7.1;
				SDKROOT = iphoneos;
				TARGETED_DEVICE_FAMILY = "1,2";
				VALIDATE_PRODUCT = YES;
			};
			name = Release;
		};
		1AC890E119566AD1002554D5 /* Debug */ = {
			isa = XCBuildConfiguration;
			buildSettings = {
				ASSETCATALOG_COMPILER_APPICON_NAME = AppIcon;
				ASSETCATALOG_COMPILER_LAUNCHIMAGE_NAME = LaunchImage;
				GCC_PRECOMPILE_PREFIX_HEADER = YES;
				GCC_PREFIX_HEADER = "tipcalculator2/tipcalculator2-Prefix.pch";
				INFOPLIST_FILE = "tipcalculator2/tipcalculator2-Info.plist";
				IPHONEOS_DEPLOYMENT_TARGET = 6.0;
				PRODUCT_NAME = "$(TARGET_NAME)";
				WRAPPER_EXTENSION = app;
			};
			name = Debug;
		};
		1AC890E219566AD1002554D5 /* Release */ = {
			isa = XCBuildConfiguration;
			buildSettings = {
				ASSETCATALOG_COMPILER_APPICON_NAME = AppIcon;
				ASSETCATALOG_COMPILER_LAUNCHIMAGE_NAME = LaunchImage;
				GCC_PRECOMPILE_PREFIX_HEADER = YES;
				GCC_PREFIX_HEADER = "tipcalculator2/tipcalculator2-Prefix.pch";
				INFOPLIST_FILE = "tipcalculator2/tipcalculator2-Info.plist";
				IPHONEOS_DEPLOYMENT_TARGET = 6.0;
				PRODUCT_NAME = "$(TARGET_NAME)";
				WRAPPER_EXTENSION = app;
			};
			name = Release;
		};
		1AC890E419566AD1002554D5 /* Debug */ = {
			isa = XCBuildConfiguration;
			buildSettings = {
				BUNDLE_LOADER = "$(BUILT_PRODUCTS_DIR)/tipcalculator2.app/tipcalculator2";
				FRAMEWORK_SEARCH_PATHS = (
					"$(SDKROOT)/Developer/Library/Frameworks",
					"$(inherited)",
					"$(DEVELOPER_FRAMEWORKS_DIR)",
				);
				GCC_PRECOMPILE_PREFIX_HEADER = YES;
				GCC_PREFIX_HEADER = "tipcalculator2/tipcalculator2-Prefix.pch";
				GCC_PREPROCESSOR_DEFINITIONS = (
					"DEBUG=1",
					"$(inherited)",
				);
				INFOPLIST_FILE = "tipcalculator2Tests/tipcalculator2Tests-Info.plist";
				PRODUCT_NAME = "$(TARGET_NAME)";
				TEST_HOST = "$(BUNDLE_LOADER)";
				WRAPPER_EXTENSION = xctest;
			};
			name = Debug;
		};
		1AC890E519566AD1002554D5 /* Release */ = {
			isa = XCBuildConfiguration;
			buildSettings = {
				BUNDLE_LOADER = "$(BUILT_PRODUCTS_DIR)/tipcalculator2.app/tipcalculator2";
				FRAMEWORK_SEARCH_PATHS = (
					"$(SDKROOT)/Developer/Library/Frameworks",
					"$(inherited)",
					"$(DEVELOPER_FRAMEWORKS_DIR)",
				);
				GCC_PRECOMPILE_PREFIX_HEADER = YES;
				GCC_PREFIX_HEADER = "tipcalculator2/tipcalculator2-Prefix.pch";
				INFOPLIST_FILE = "tipcalculator2Tests/tipcalculator2Tests-Info.plist";
				PRODUCT_NAME = "$(TARGET_NAME)";
				TEST_HOST = "$(BUNDLE_LOADER)";
				WRAPPER_EXTENSION = xctest;
			};
			name = Release;
		};
/* End XCBuildConfiguration section */

/* Begin XCConfigurationList section */
		1AC890AF19566AD0002554D5 /* Build configuration list for PBXProject "tipcalculator2" */ = {
			isa = XCConfigurationList;
			buildConfigurations = (
				1AC890DE19566AD1002554D5 /* Debug */,
				1AC890DF19566AD1002554D5 /* Release */,
			);
			defaultConfigurationIsVisible = 0;
			defaultConfigurationName = Release;
		};
		1AC890E019566AD1002554D5 /* Build configuration list for PBXNativeTarget "tipcalculator2" */ = {
			isa = XCConfigurationList;
			buildConfigurations = (
				1AC890E119566AD1002554D5 /* Debug */,
				1AC890E219566AD1002554D5 /* Release */,
			);
			defaultConfigurationIsVisible = 0;
		};
		1AC890E319566AD1002554D5 /* Build configuration list for PBXNativeTarget "tipcalculator2Tests" */ = {
			isa = XCConfigurationList;
			buildConfigurations = (
				1AC890E419566AD1002554D5 /* Debug */,
				1AC890E519566AD1002554D5 /* Release */,
			);
			defaultConfigurationIsVisible = 0;
		};
/* End XCConfigurationList section */
	};
	rootObject = 1AC890AC19566AD0002554D5 /* Project object */;
}
